// !$*UTF8*$!
{
	archiveVersion = 1;
	classes = {
	};
	objectVersion = 46;
	objects = {

/* Begin PBXBuildFile section */
		22EFB3D1199AFC3A004724D0 /* Foundation.framework in Frameworks */ = {isa = PBXBuildFile; fileRef = 22EFB3D0199AFC3A004724D0 /* Foundation.framework */; };
		22EFB3D3199AFC3A004724D0 /* CoreGraphics.framework in Frameworks */ = {isa = PBXBuildFile; fileRef = 22EFB3D2199AFC3A004724D0 /* CoreGraphics.framework */; };
		22EFB3D5199AFC3A004724D0 /* UIKit.framework in Frameworks */ = {isa = PBXBuildFile; fileRef = 22EFB3D4199AFC3A004724D0 /* UIKit.framework */; };
		22EFB3DB199AFC3A004724D0 /* InfoPlist.strings in Resources */ = {isa = PBXBuildFile; fileRef = 22EFB3D9199AFC3A004724D0 /* InfoPlist.strings */; };
		22EFB3DD199AFC3A004724D0 /* main.m in Sources */ = {isa = PBXBuildFile; fileRef = 22EFB3DC199AFC3A004724D0 /* main.m */; };
		22EFB3E1199AFC3A004724D0 /* AppDelegate.m in Sources */ = {isa = PBXBuildFile; fileRef = 22EFB3E0199AFC3A004724D0 /* AppDelegate.m */; };
		22EFB3E4199AFC3A004724D0 /* Main.storyboard in Resources */ = {isa = PBXBuildFile; fileRef = 22EFB3E2199AFC3A004724D0 /* Main.storyboard */; };
		22EFB3E7199AFC3A004724D0 /* ViewController.m in Sources */ = {isa = PBXBuildFile; fileRef = 22EFB3E6199AFC3A004724D0 /* ViewController.m */; };
		22EFB3E9199AFC3A004724D0 /* Images.xcassets in Resources */ = {isa = PBXBuildFile; fileRef = 22EFB3E8199AFC3A004724D0 /* Images.xcassets */; };
		22EFB3F0199AFC3A004724D0 /* XCTest.framework in Frameworks */ = {isa = PBXBuildFile; fileRef = 22EFB3EF199AFC3A004724D0 /* XCTest.framework */; };
		22EFB3F1199AFC3A004724D0 /* Foundation.framework in Frameworks */ = {isa = PBXBuildFile; fileRef = 22EFB3D0199AFC3A004724D0 /* Foundation.framework */; };
		22EFB3F2199AFC3A004724D0 /* UIKit.framework in Frameworks */ = {isa = PBXBuildFile; fileRef = 22EFB3D4199AFC3A004724D0 /* UIKit.framework */; };
		22EFB3FA199AFC3A004724D0 /* InfoPlist.strings in Resources */ = {isa = PBXBuildFile; fileRef = 22EFB3F8199AFC3A004724D0 /* InfoPlist.strings */; };
		22EFB3FC199AFC3A004724D0 /* UIPickerViewDemoTests.m in Sources */ = {isa = PBXBuildFile; fileRef = 22EFB3FB199AFC3A004724D0 /* UIPickerViewDemoTests.m */; };
/* End PBXBuildFile section */

/* Begin PBXContainerItemProxy section */
		22EFB3F3199AFC3A004724D0 /* PBXContainerItemProxy */ = {
			isa = PBXContainerItemProxy;
			containerPortal = 22EFB3C5199AFC3A004724D0 /* Project object */;
			proxyType = 1;
			remoteGlobalIDString = 22EFB3CC199AFC3A004724D0;
			remoteInfo = UIPickerViewDemo;
		};
/* End PBXContainerItemProxy section */

/* Begin PBXFileReference section */
		22EFB3CD199AFC3A004724D0 /* UIPickerViewDemo.app */ = {isa = PBXFileReference; explicitFileType = wrapper.application; includeInIndex = 0; path = UIPickerViewDemo.app; sourceTree = BUILT_PRODUCTS_DIR; };
		22EFB3D0199AFC3A004724D0 /* Foundation.framework */ = {isa = PBXFileReference; lastKnownFileType = wrapper.framework; name = Foundation.framework; path = System/Library/Frameworks/Foundation.framework; sourceTree = SDKROOT; };
		22EFB3D2199AFC3A004724D0 /* CoreGraphics.framework */ = {isa = PBXFileReference; lastKnownFileType = wrapper.framework; name = CoreGraphics.framework; path = System/Library/Frameworks/CoreGraphics.framework; sourceTree = SDKROOT; };
		22EFB3D4199AFC3A004724D0 /* UIKit.framework */ = {isa = PBXFileReference; lastKnownFileType = wrapper.framework; name = UIKit.framework; path = System/Library/Frameworks/UIKit.framework; sourceTree = SDKROOT; };
		22EFB3D8199AFC3A004724D0 /* UIPickerViewDemo-Info.plist */ = {isa = PBXFileReference; lastKnownFileType = text.plist.xml; path = "UIPickerViewDemo-Info.plist"; sourceTree = "<group>"; };
		22EFB3DA199AFC3A004724D0 /* en */ = {isa = PBXFileReference; lastKnownFileType = text.plist.strings; name = en; path = en.lproj/InfoPlist.strings; sourceTree = "<group>"; };
		22EFB3DC199AFC3A004724D0 /* main.m */ = {isa = PBXFileReference; lastKnownFileType = sourcecode.c.objc; path = main.m; sourceTree = "<group>"; };
		22EFB3DE199AFC3A004724D0 /* UIPickerViewDemo-Prefix.pch */ = {isa = PBXFileReference; lastKnownFileType = sourcecode.c.h; path = "UIPickerViewDemo-Prefix.pch"; sourceTree = "<group>"; };
		22EFB3DF199AFC3A004724D0 /* AppDelegate.h */ = {isa = PBXFileReference; lastKnownFileType = sourcecode.c.h; path = AppDelegate.h; sourceTree = "<group>"; };
		22EFB3E0199AFC3A004724D0 /* AppDelegate.m */ = {isa = PBXFileReference; lastKnownFileType = sourcecode.c.objc; path = AppDelegate.m; sourceTree = "<group>"; };
		22EFB3E3199AFC3A004724D0 /* Base */ = {isa = PBXFileReference; lastKnownFileType = file.storyboard; name = Base; path = Base.lproj/Main.storyboard; sourceTree = "<group>"; };
		22EFB3E5199AFC3A004724D0 /* ViewController.h */ = {isa = PBXFileReference; lastKnownFileType = sourcecode.c.h; path = ViewController.h; sourceTree = "<group>"; };
		22EFB3E6199AFC3A004724D0 /* ViewController.m */ = {isa = PBXFileReference; lastKnownFileType = sourcecode.c.objc; path = ViewController.m; sourceTree = "<group>"; };
		22EFB3E8199AFC3A004724D0 /* Images.xcassets */ = {isa = PBXFileReference; lastKnownFileType = folder.assetcatalog; path = Images.xcassets; sourceTree = "<group>"; };
		22EFB3EE199AFC3A004724D0 /* UIPickerViewDemoTests.xctest */ = {isa = PBXFileReference; explicitFileType = wrapper.cfbundle; includeInIndex = 0; path = UIPickerViewDemoTests.xctest; sourceTree = BUILT_PRODUCTS_DIR; };
		22EFB3EF199AFC3A004724D0 /* XCTest.framework */ = {isa = PBXFileReference; lastKnownFileType = wrapper.framework; name = XCTest.framework; path = Library/Frameworks/XCTest.framework; sourceTree = DEVELOPER_DIR; };
		22EFB3F7199AFC3A004724D0 /* UIPickerViewDemoTests-Info.plist */ = {isa = PBXFileReference; lastKnownFileType = text.plist.xml; path = "UIPickerViewDemoTests-Info.plist"; sourceTree = "<group>"; };
		22EFB3F9199AFC3A004724D0 /* en */ = {isa = PBXFileReference; lastKnownFileType = text.plist.strings; name = en; path = en.lproj/InfoPlist.strings; sourceTree = "<group>"; };
		22EFB3FB199AFC3A004724D0 /* UIPickerViewDemoTests.m */ = {isa = PBXFileReference; lastKnownFileType = sourcecode.c.objc; path = UIPickerViewDemoTests.m; sourceTree = "<group>"; };
/* End PBXFileReference section */

/* Begin PBXFrameworksBuildPhase section */
		22EFB3CA199AFC3A004724D0 /* Frameworks */ = {
			isa = PBXFrameworksBuildPhase;
			buildActionMask = 2147483647;
			files = (
				22EFB3D3199AFC3A004724D0 /* CoreGraphics.framework in Frameworks */,
				22EFB3D5199AFC3A004724D0 /* UIKit.framework in Frameworks */,
				22EFB3D1199AFC3A004724D0 /* Foundation.framework in Frameworks */,
			);
			runOnlyForDeploymentPostprocessing = 0;
		};
		22EFB3EB199AFC3A004724D0 /* Frameworks */ = {
			isa = PBXFrameworksBuildPhase;
			buildActionMask = 2147483647;
			files = (
				22EFB3F0199AFC3A004724D0 /* XCTest.framework in Frameworks */,
				22EFB3F2199AFC3A004724D0 /* UIKit.framework in Frameworks */,
				22EFB3F1199AFC3A004724D0 /* Foundation.framework in Frameworks */,
			);
			runOnlyForDeploymentPostprocessing = 0;
		};
/* End PBXFrameworksBuildPhase section */

/* Begin PBXGroup section */
		22EFB3C4199AFC3A004724D0 = {
			isa = PBXGroup;
			children = (
				22EFB3D6199AFC3A004724D0 /* UIPickerViewDemo */,
				22EFB3F5199AFC3A004724D0 /* UIPickerViewDemoTests */,
				22EFB3CF199AFC3A004724D0 /* Frameworks */,
				22EFB3CE199AFC3A004724D0 /* Products */,
			);
			sourceTree = "<group>";
		};
		22EFB3CE199AFC3A004724D0 /* Products */ = {
			isa = PBXGroup;
			children = (
				22EFB3CD199AFC3A004724D0 /* UIPickerViewDemo.app */,
				22EFB3EE199AFC3A004724D0 /* UIPickerViewDemoTests.xctest */,
			);
			name = Products;
			sourceTree = "<group>";
		};
		22EFB3CF199AFC3A004724D0 /* Frameworks */ = {
			isa = PBXGroup;
			children = (
				22EFB3D0199AFC3A004724D0 /* Foundation.framework */,
				22EFB3D2199AFC3A004724D0 /* CoreGraphics.framework */,
				22EFB3D4199AFC3A004724D0 /* UIKit.framework */,
				22EFB3EF199AFC3A004724D0 /* XCTest.framework */,
			);
			name = Frameworks;
			sourceTree = "<group>";
		};
		22EFB3D6199AFC3A004724D0 /* UIPickerViewDemo */ = {
			isa = PBXGroup;
			children = (
				22EFB3DF199AFC3A004724D0 /* AppDelegate.h */,
				22EFB3E0199AFC3A004724D0 /* AppDelegate.m */,
				22EFB3E2199AFC3A004724D0 /* Main.storyboard */,
				22EFB3E5199AFC3A004724D0 /* ViewController.h */,
				22EFB3E6199AFC3A004724D0 /* ViewController.m */,
				22EFB3E8199AFC3A004724D0 /* Images.xcassets */,
				22EFB3D7199AFC3A004724D0 /* Supporting Files */,
			);
			path = UIPickerViewDemo;
			sourceTree = "<group>";
		};
		22EFB3D7199AFC3A004724D0 /* Supporting Files */ = {
			isa = PBXGroup;
			children = (
				22EFB3D8199AFC3A004724D0 /* UIPickerViewDemo-Info.plist */,
				22EFB3D9199AFC3A004724D0 /* InfoPlist.strings */,
				22EFB3DC199AFC3A004724D0 /* main.m */,
				22EFB3DE199AFC3A004724D0 /* UIPickerViewDemo-Prefix.pch */,
			);
			name = "Supporting Files";
			sourceTree = "<group>";
		};
		22EFB3F5199AFC3A004724D0 /* UIPickerViewDemoTests */ = {
			isa = PBXGroup;
			children = (
				22EFB3FB199AFC3A004724D0 /* UIPickerViewDemoTests.m */,
				22EFB3F6199AFC3A004724D0 /* Supporting Files */,
			);
			path = UIPickerViewDemoTests;
			sourceTree = "<group>";
		};
		22EFB3F6199AFC3A004724D0 /* Supporting Files */ = {
			isa = PBXGroup;
			children = (
				22EFB3F7199AFC3A004724D0 /* UIPickerViewDemoTests-Info.plist */,
				22EFB3F8199AFC3A004724D0 /* InfoPlist.strings */,
			);
			name = "Supporting Files";
			sourceTree = "<group>";
		};
/* End PBXGroup section */

/* Begin PBXNativeTarget section */
		22EFB3CC199AFC3A004724D0 /* UIPickerViewDemo */ = {
			isa = PBXNativeTarget;
			buildConfigurationList = 22EFB3FF199AFC3A004724D0 /* Build configuration list for PBXNativeTarget "UIPickerViewDemo" */;
			buildPhases = (
				22EFB3C9199AFC3A004724D0 /* Sources */,
				22EFB3CA199AFC3A004724D0 /* Frameworks */,
				22EFB3CB199AFC3A004724D0 /* Resources */,
			);
			buildRules = (
			);
			dependencies = (
			);
			name = UIPickerViewDemo;
			productName = UIPickerViewDemo;
			productReference = 22EFB3CD199AFC3A004724D0 /* UIPickerViewDemo.app */;
			productType = "com.apple.product-type.application";
		};
		22EFB3ED199AFC3A004724D0 /* UIPickerViewDemoTests */ = {
			isa = PBXNativeTarget;
			buildConfigurationList = 22EFB402199AFC3A004724D0 /* Build configuration list for PBXNativeTarget "UIPickerViewDemoTests" */;
			buildPhases = (
				22EFB3EA199AFC3A004724D0 /* Sources */,
				22EFB3EB199AFC3A004724D0 /* Frameworks */,
				22EFB3EC199AFC3A004724D0 /* Resources */,
			);
			buildRules = (
			);
			dependencies = (
				22EFB3F4199AFC3A004724D0 /* PBXTargetDependency */,
			);
			name = UIPickerViewDemoTests;
			productName = UIPickerViewDemoTests;
			productReference = 22EFB3EE199AFC3A004724D0 /* UIPickerViewDemoTests.xctest */;
			productType = "com.apple.product-type.bundle.unit-test";
		};
/* End PBXNativeTarget section */

/* Begin PBXProject section */
		22EFB3C5199AFC3A004724D0 /* Project object */ = {
			isa = PBXProject;
			attributes = {
				LastUpgradeCheck = 0510;
				ORGANIZATIONNAME = martin;
				TargetAttributes = {
					22EFB3ED199AFC3A004724D0 = {
						TestTargetID = 22EFB3CC199AFC3A004724D0;
					};
				};
			};
			buildConfigurationList = 22EFB3C8199AFC3A004724D0 /* Build configuration list for PBXProject "UIPickerViewDemo" */;
			compatibilityVersion = "Xcode 3.2";
			developmentRegion = English;
			hasScannedForEncodings = 0;
			knownRegions = (
				en,
				Base,
			);
			mainGroup = 22EFB3C4199AFC3A004724D0;
			productRefGroup = 22EFB3CE199AFC3A004724D0 /* Products */;
			projectDirPath = "";
			projectRoot = "";
			targets = (
				22EFB3CC199AFC3A004724D0 /* UIPickerViewDemo */,
				22EFB3ED199AFC3A004724D0 /* UIPickerViewDemoTests */,
			);
		};
/* End PBXProject section */

/* Begin PBXResourcesBuildPhase section */
		22EFB3CB199AFC3A004724D0 /* Resources */ = {
			isa = PBXResourcesBuildPhase;
			buildActionMask = 2147483647;
			files = (
				22EFB3E9199AFC3A004724D0 /* Images.xcassets in Resources */,
				22EFB3DB199AFC3A004724D0 /* InfoPlist.strings in Resources */,
				22EFB3E4199AFC3A004724D0 /* Main.storyboard in Resources */,
			);
			runOnlyForDeploymentPostprocessing = 0;
		};
		22EFB3EC199AFC3A004724D0 /* Resources */ = {
			isa = PBXResourcesBuildPhase;
			buildActionMask = 2147483647;
			files = (
				22EFB3FA199AFC3A004724D0 /* InfoPlist.strings in Resources */,
			);
			runOnlyForDeploymentPostprocessing = 0;
		};
/* End PBXResourcesBuildPhase section */

/* Begin PBXSourcesBuildPhase section */
		22EFB3C9199AFC3A004724D0 /* Sources */ = {
			isa = PBXSourcesBuildPhase;
			buildActionMask = 2147483647;
			files = (
				22EFB3E7199AFC3A004724D0 /* ViewController.m in Sources */,
				22EFB3E1199AFC3A004724D0 /* AppDelegate.m in Sources */,
				22EFB3DD199AFC3A004724D0 /* main.m in Sources */,
			);
			runOnlyForDeploymentPostprocessing = 0;
		};
		22EFB3EA199AFC3A004724D0 /* Sources */ = {
			isa = PBXSourcesBuildPhase;
			buildActionMask = 2147483647;
			files = (
				22EFB3FC199AFC3A004724D0 /* UIPickerViewDemoTests.m in Sources */,
			);
			runOnlyForDeploymentPostprocessing = 0;
		};
/* End PBXSourcesBuildPhase section */

/* Begin PBXTargetDependency section */
		22EFB3F4199AFC3A004724D0 /* PBXTargetDependency */ = {
			isa = PBXTargetDependency;
			target = 22EFB3CC199AFC3A004724D0 /* UIPickerViewDemo */;
			targetProxy = 22EFB3F3199AFC3A004724D0 /* PBXContainerItemProxy */;
		};
/* End PBXTargetDependency section */

/* Begin PBXVariantGroup section */
		22EFB3D9199AFC3A004724D0 /* InfoPlist.strings */ = {
			isa = PBXVariantGroup;
			children = (
				22EFB3DA199AFC3A004724D0 /* en */,
			);
			name = InfoPlist.strings;
			sourceTree = "<group>";
		};
		22EFB3E2199AFC3A004724D0 /* Main.storyboard */ = {
			isa = PBXVariantGroup;
			children = (
				22EFB3E3199AFC3A004724D0 /* Base */,
			);
			name = Main.storyboard;
			sourceTree = "<group>";
		};
		22EFB3F8199AFC3A004724D0 /* InfoPlist.strings */ = {
			isa = PBXVariantGroup;
			children = (
				22EFB3F9199AFC3A004724D0 /* en */,
			);
			name = InfoPlist.strings;
			sourceTree = "<group>";
		};
/* End PBXVariantGroup section */

/* Begin XCBuildConfiguration section */
		22EFB3FD199AFC3A004724D0 /* Debug */ = {
			isa = XCBuildConfiguration;
			buildSettings = {
				ALWAYS_SEARCH_USER_PATHS = NO;
				CLANG_CXX_LANGUAGE_STANDARD = "gnu++0x";
				CLANG_CXX_LIBRARY = "libc++";
				CLANG_ENABLE_MODULES = YES;
				CLANG_ENABLE_OBJC_ARC = YES;
				CLANG_WARN_BOOL_CONVERSION = YES;
				CLANG_WARN_CONSTANT_CONVERSION = YES;
				CLANG_WARN_DIRECT_OBJC_ISA_USAGE = YES_ERROR;
				CLANG_WARN_EMPTY_BODY = YES;
				CLANG_WARN_ENUM_CONVERSION = YES;
				CLANG_WARN_INT_CONVERSION = YES;
				CLANG_WARN_OBJC_ROOT_CLASS = YES_ERROR;
				CLANG_WARN__DUPLICATE_METHOD_MATCH = YES;
				"CODE_SIGN_IDENTITY[sdk=iphoneos*]" = "iPhone Developer";
				COPY_PHASE_STRIP = NO;
				GCC_C_LANGUAGE_STANDARD = gnu99;
				GCC_DYNAMIC_NO_PIC = NO;
				GCC_OPTIMIZATION_LEVEL = 0;
				GCC_PREPROCESSOR_DEFINITIONS = (
					"DEBUG=1",
					"$(inherited)",
				);
				GCC_SYMBOLS_PRIVATE_EXTERN = NO;
				GCC_WARN_64_TO_32_BIT_CONVERSION = YES;
				GCC_WARN_ABOUT_RETURN_TYPE = YES_ERROR;
				GCC_WARN_UNDECLARED_SELECTOR = YES;
				GCC_WARN_UNINITIALIZED_AUTOS = YES_AGGRESSIVE;
				GCC_WARN_UNUSED_FUNCTION = YES;
				GCC_WARN_UNUSED_VARIABLE = YES;
				IPHONEOS_DEPLOYMENT_TARGET = 7.1;
				ONLY_ACTIVE_ARCH = YES;
				SDKROOT = iphoneos;
			};
			name = Debug;
		};
		22EFB3FE199AFC3A004724D0 /* Release */ = {
			isa = XCBuildConfiguration;
			buildSettings = {
				ALWAYS_SEARCH_USER_PATHS = NO;
				CLANG_CXX_LANGUAGE_STANDARD = "gnu++0x";
				CLANG_CXX_LIBRARY = "libc++";
				CLANG_ENABLE_MODULES = YES;
				CLANG_ENABLE_OBJC_ARC = YES;
				CLANG_WARN_BOOL_CONVERSION = YES;
				CLANG_WARN_CONSTANT_CONVERSION = YES;
				CLANG_WARN_DIRECT_OBJC_ISA_USAGE = YES_ERROR;
				CLANG_WARN_EMPTY_BODY = YES;
				CLANG_WARN_ENUM_CONVERSION = YES;
				CLANG_WARN_INT_CONVERSION = YES;
				CLANG_WARN_OBJC_ROOT_CLASS = YES_ERROR;
				CLANG_WARN__DUPLICATE_METHOD_MATCH = YES;
				"CODE_SIGN_IDENTITY[sdk=iphoneos*]" = "iPhone Developer";
				COPY_PHASE_STRIP = YES;
				ENABLE_NS_ASSERTIONS = NO;
				GCC_C_LANGUAGE_STANDARD = gnu99;
				GCC_WARN_64_TO_32_BIT_CONVERSION = YES;
				GCC_WARN_ABOUT_RETURN_TYPE = YES_ERROR;
				GCC_WARN_UNDECLARED_SELECTOR = YES;
				GCC_WARN_UNINITIALIZED_AUTOS = YES_AGGRESSIVE;
				GCC_WARN_UNUSED_FUNCTION = YES;
				GCC_WARN_UNUSED_VARIABLE = YES;
				IPHONEOS_DEPLOYMENT_TARGET = 7.1;
				SDKROOT = iphoneos;
				VALIDATE_PRODUCT = YES;
			};
			name = Release;
		};
		22EFB400199AFC3A004724D0 /* Debug */ = {
			isa = XCBuildConfiguration;
			buildSettings = {
				ASSETCATALOG_COMPILER_APPICON_NAME = AppIcon;
				ASSETCATALOG_COMPILER_LAUNCHIMAGE_NAME = LaunchImage;
				GCC_PRECOMPILE_PREFIX_HEADER = YES;
				GCC_PREFIX_HEADER = "UIPickerViewDemo/UIPickerViewDemo-Prefix.pch";
				INFOPLIST_FILE = "UIPickerViewDemo/UIPickerViewDemo-Info.plist";
				PRODUCT_NAME = "$(TARGET_NAME)";
				WRAPPER_EXTENSION = app;
			};
			name = Debug;
		};
		22EFB401199AFC3A004724D0 /* Release */ = {
			isa = XCBuildConfiguration;
			buildSettings = {
				ASSETCATALOG_COMPILER_APPICON_NAME = AppIcon;
				ASSETCATALOG_COMPILER_LAUNCHIMAGE_NAME = LaunchImage;
				GCC_PRECOMPILE_PREFIX_HEADER = YES;
				GCC_PREFIX_HEADER = "UIPickerViewDemo/UIPickerViewDemo-Prefix.pch";
				INFOPLIST_FILE = "UIPickerViewDemo/UIPickerViewDemo-Info.plist";
				PRODUCT_NAME = "$(TARGET_NAME)";
				WRAPPER_EXTENSION = app;
			};
			name = Release;
		};
		22EFB403199AFC3A004724D0 /* Debug */ = {
			isa = XCBuildConfiguration;
			buildSettings = {
				BUNDLE_LOADER = "$(BUILT_PRODUCTS_DIR)/UIPickerViewDemo.app/UIPickerViewDemo";
				FRAMEWORK_SEARCH_PATHS = (
					"$(SDKROOT)/Developer/Library/Frameworks",
					"$(inherited)",
					"$(DEVELOPER_FRAMEWORKS_DIR)",
				);
				GCC_PRECOMPILE_PREFIX_HEADER = YES;
				GCC_PREFIX_HEADER = "UIPickerViewDemo/UIPickerViewDemo-Prefix.pch";
				GCC_PREPROCESSOR_DEFINITIONS = (
					"DEBUG=1",
					"$(inherited)",
				);
				INFOPLIST_FILE = "UIPickerViewDemoTests/UIPickerViewDemoTests-Info.plist";
				PRODUCT_NAME = "$(TARGET_NAME)";
				TEST_HOST = "$(BUNDLE_LOADER)";
				WRAPPER_EXTENSION = xctest;
			};
			name = Debug;
		};
		22EFB404199AFC3A004724D0 /* Release */ = {
			isa = XCBuildConfiguration;
			buildSettings = {
				BUNDLE_LOADER = "$(BUILT_PRODUCTS_DIR)/UIPickerViewDemo.app/UIPickerViewDemo";
				FRAMEWORK_SEARCH_PATHS = (
					"$(SDKROOT)/Developer/Library/Frameworks",
					"$(inherited)",
					"$(DEVELOPER_FRAMEWORKS_DIR)",
				);
				GCC_PRECOMPILE_PREFIX_HEADER = YES;
				GCC_PREFIX_HEADER = "UIPickerViewDemo/UIPickerViewDemo-Prefix.pch";
				INFOPLIST_FILE = "UIPickerViewDemoTests/UIPickerViewDemoTests-Info.plist";
				PRODUCT_NAME = "$(TARGET_NAME)";
				TEST_HOST = "$(BUNDLE_LOADER)";
				WRAPPER_EXTENSION = xctest;
			};
			name = Release;
		};
/* End XCBuildConfiguration section */

/* Begin XCConfigurationList section */
		22EFB3C8199AFC3A004724D0 /* Build configuration list for PBXProject "UIPickerViewDemo" */ = {
			isa = XCConfigurationList;
			buildConfigurations = (
				22EFB3FD199AFC3A004724D0 /* Debug */,
				22EFB3FE199AFC3A004724D0 /* Release */,
			);
			defaultConfigurationIsVisible = 0;
			defaultConfigurationName = Release;
		};
		22EFB3FF199AFC3A004724D0 /* Build configuration list for PBXNativeTarget "UIPickerViewDemo" */ = {
			isa = XCConfigurationList;
			buildConfigurations = (
				22EFB400199AFC3A004724D0 /* Debug */,
				22EFB401199AFC3A004724D0 /* Release */,
			);
			defaultConfigurationIsVisible = 0;
		};
		22EFB402199AFC3A004724D0 /* Build configuration list for PBXNativeTarget "UIPickerViewDemoTests" */ = {
			isa = XCConfigurationList;
			buildConfigurations = (
				22EFB403199AFC3A004724D0 /* Debug */,
				22EFB404199AFC3A004724D0 /* Release */,
			);
			defaultConfigurationIsVisible = 0;
		};
/* End XCConfigurationList section */
	};
	rootObject = 22EFB3C5199AFC3A004724D0 /* Project object */;
}
